<?xml version="1.0" encoding="utf-8"?>
<Project ToolsVersion="4.0" xmlns="http://schemas.microsoft.com/developer/msbuild/2003">
  <ItemGroup>
    <Filter Include="Source Files">
      <UniqueIdentifier>{4FC737F1-C7A5-4376-A066-2A32D752A2FF}</UniqueIdentifier>
      <Extensions>cpp;c;cc;cxx;def;odl;idl;hpj;bat;asm;asmx</Extensions>
    </Filter>
    <Filter Include="Shaders">
      <UniqueIdentifier>{c59ce6fa-2dba-4ef3-a5a4-3f6870ed6887}</UniqueIdentifier>
    </Filter>
  </ItemGroup>
  <ItemGroup>
    <ClCompile Include="Source\Application.cpp">
      <Filter>Source Files</Filter>
    </ClCompile>
    <ClCompile Include="Source\Main.cpp">
      <Filter>Source Files</Filter>
    </ClCompile>
    <ClCompile Include="Source\PCH.cpp">
      <Filter>Source Files</Filter>
    </ClCompile>
    <ClCompile Include="Source\Mesh.cpp">
      <Filter>Source Files</Filter>
    </ClCompile>
    <ClCompile Include="Source\tiny_obj_loader.cpp">
      <Filter>Source Files</Filter>
    </ClCompile>
    <ClCompile Include="Source\DDSTextureLoader12.cpp">
      <Filter>Source Files</Filter>
    </ClCompile>
    <ClCompile Include="Source\Camera.cpp">
      <Filter>Source Files</Filter>
    </ClCompile>
    <ClCompile Include="Source\DebugDrawer.cpp">
      <Filter>Source Files</Filter>
    </ClCompile>
    <ClCompile Include="Source\LightSource.cpp">
      <Filter>Source Files</Filter>
    </ClCompile>
    <ClCompile Include="Source\ProxyLightDrawer.cpp">
      <Filter>Source Files</Filter>
    </ClCompile>
    <ClCompile Include="Halton.cpp">
      <Filter>Source Files</Filter>
    </ClCompile>
  </ItemGroup>
  <ItemGroup>
    <ClInclude Include="Source\Application.h">
      <Filter>Source Files</Filter>
    </ClInclude>
    <ClInclude Include="Source\PCH.h">
      <Filter>Source Files</Filter>
    </ClInclude>
    <ClInclude Include="Source\tiny_obj_loader.h">
      <Filter>Source Files</Filter>
    </ClInclude>
    <ClInclude Include="Source\Mesh.h">
      <Filter>Source Files</Filter>
    </ClInclude>
    <ClInclude Include="Source\DDSTextureLoader12.h">
      <Filter>Source Files</Filter>
    </ClInclude>
    <ClInclude Include="Source\Camera.h">
      <Filter>Source Files</Filter>
    </ClInclude>
    <ClInclude Include="Source\DebugDrawer.h">
      <Filter>Source Files</Filter>
    </ClInclude>
    <ClInclude Include="Source\LightSource.h">
      <Filter>Source Files</Filter>
    </ClInclude>
    <ClInclude Include="Source\PointLight.h">
      <Filter>Source Files</Filter>
    </ClInclude>
    <ClInclude Include="Source\ProxyLightDrawer.h">
      <Filter>Source Files</Filter>
    </ClInclude>
    <ClInclude Include="Halton.h">
      <Filter>Source Files</Filter>
    </ClInclude>
  </ItemGroup>
  <ItemGroup>
    <None Include="packages.config" />
  </ItemGroup>
  <ItemGroup>
    <CustomBuild Include="Tools\ShaderCompiler.py">
      <Filter>Shaders</Filter>
    </CustomBuild>
  </ItemGroup>
</Project>